// !$*UTF8*$!
{
	archiveVersion = 1;
	classes = {
	};
	objectVersion = 48;
	objects = {

/* Begin PBXBuildFile section */
		1D281B771F96951E00E7C2AB /* GoogleService-Info.plist in Resources */ = {isa = PBXBuildFile; fileRef = 1D281B761F96951E00E7C2AB /* GoogleService-Info.plist */; };
		1D281B791F969A6100E7C2AB /* HomeViewController.swift in Sources */ = {isa = PBXBuildFile; fileRef = 1D281B781F969A6100E7C2AB /* HomeViewController.swift */; };
		1D281B7B1F969A8700E7C2AB /* SearchViewController.swift in Sources */ = {isa = PBXBuildFile; fileRef = 1D281B7A1F969A8700E7C2AB /* SearchViewController.swift */; };
		1D281B7D1F969AAD00E7C2AB /* CameraViewController.swift in Sources */ = {isa = PBXBuildFile; fileRef = 1D281B7C1F969AAD00E7C2AB /* CameraViewController.swift */; };
		1D281B7F1F969ABE00E7C2AB /* ActivityViewController.swift in Sources */ = {isa = PBXBuildFile; fileRef = 1D281B7E1F969ABE00E7C2AB /* ActivityViewController.swift */; };
		1D281B811F969B2000E7C2AB /* ProfileViewController.swift in Sources */ = {isa = PBXBuildFile; fileRef = 1D281B801F969B2000E7C2AB /* ProfileViewController.swift */; };
		1D281B831F96AD0100E7C2AB /* emailVerificationViewController.swift in Sources */ = {isa = PBXBuildFile; fileRef = 1D281B821F96AD0100E7C2AB /* emailVerificationViewController.swift */; };
		1D2C48C11F94F5BD005E8386 /* AppDelegate.swift in Sources */ = {isa = PBXBuildFile; fileRef = 1D2C48C01F94F5BD005E8386 /* AppDelegate.swift */; };
		1D2C48C61F94F5BD005E8386 /* Main.storyboard in Resources */ = {isa = PBXBuildFile; fileRef = 1D2C48C41F94F5BD005E8386 /* Main.storyboard */; };
		1D2C48C81F94F5BD005E8386 /* Assets.xcassets in Resources */ = {isa = PBXBuildFile; fileRef = 1D2C48C71F94F5BD005E8386 /* Assets.xcassets */; };
		1D2C48CB1F94F5BD005E8386 /* LaunchScreen.storyboard in Resources */ = {isa = PBXBuildFile; fileRef = 1D2C48C91F94F5BD005E8386 /* LaunchScreen.storyboard */; };
		1D2C48D31F94F61C005E8386 /* StartView.swift in Sources */ = {isa = PBXBuildFile; fileRef = 1D2C48D21F94F61C005E8386 /* StartView.swift */; };
		1D2C48D51F94FBCE005E8386 /* signUpView.swift in Sources */ = {isa = PBXBuildFile; fileRef = 1D2C48D41F94FBCE005E8386 /* signUpView.swift */; };
		1D2C48D81F9509C0005E8386 /* Menu.storyboard in Resources */ = {isa = PBXBuildFile; fileRef = 1D2C48D61F9509C0005E8386 /* Menu.storyboard */; };
		34684C6190FB674027962E61 /* Pods_InstagramClone.framework in Frameworks */ = {isa = PBXBuildFile; fileRef = DD48B386F0928FF0093A60FE /* Pods_InstagramClone.framework */; };
/* End PBXBuildFile section */

/* Begin PBXFileReference section */
		1D281B761F96951E00E7C2AB /* GoogleService-Info.plist */ = {isa = PBXFileReference; fileEncoding = 4; lastKnownFileType = text.plist.xml; path = "GoogleService-Info.plist"; sourceTree = "<group>"; };
		1D281B781F969A6100E7C2AB /* HomeViewController.swift */ = {isa = PBXFileReference; lastKnownFileType = sourcecode.swift; path = HomeViewController.swift; sourceTree = "<group>"; };
		1D281B7A1F969A8700E7C2AB /* SearchViewController.swift */ = {isa = PBXFileReference; lastKnownFileType = sourcecode.swift; path = SearchViewController.swift; sourceTree = "<group>"; };
		1D281B7C1F969AAD00E7C2AB /* CameraViewController.swift */ = {isa = PBXFileReference; lastKnownFileType = sourcecode.swift; path = CameraViewController.swift; sourceTree = "<group>"; };
		1D281B7E1F969ABE00E7C2AB /* ActivityViewController.swift */ = {isa = PBXFileReference; lastKnownFileType = sourcecode.swift; path = ActivityViewController.swift; sourceTree = "<group>"; };
		1D281B801F969B2000E7C2AB /* ProfileViewController.swift */ = {isa = PBXFileReference; lastKnownFileType = sourcecode.swift; path = ProfileViewController.swift; sourceTree = "<group>"; };
		1D281B821F96AD0100E7C2AB /* emailVerificationViewController.swift */ = {isa = PBXFileReference; lastKnownFileType = sourcecode.swift; path = emailVerificationViewController.swift; sourceTree = "<group>"; };
		1D2C48BD1F94F5BD005E8386 /* InstagramClone.app */ = {isa = PBXFileReference; explicitFileType = wrapper.application; includeInIndex = 0; path = InstagramClone.app; sourceTree = BUILT_PRODUCTS_DIR; };
		1D2C48C01F94F5BD005E8386 /* AppDelegate.swift */ = {isa = PBXFileReference; lastKnownFileType = sourcecode.swift; path = AppDelegate.swift; sourceTree = "<group>"; };
		1D2C48C51F94F5BD005E8386 /* Base */ = {isa = PBXFileReference; lastKnownFileType = file.storyboard; name = Base; path = Base.lproj/Main.storyboard; sourceTree = "<group>"; };
		1D2C48C71F94F5BD005E8386 /* Assets.xcassets */ = {isa = PBXFileReference; lastKnownFileType = folder.assetcatalog; path = Assets.xcassets; sourceTree = "<group>"; };
		1D2C48CA1F94F5BD005E8386 /* Base */ = {isa = PBXFileReference; lastKnownFileType = file.storyboard; name = Base; path = Base.lproj/LaunchScreen.storyboard; sourceTree = "<group>"; };
		1D2C48CC1F94F5BD005E8386 /* Info.plist */ = {isa = PBXFileReference; lastKnownFileType = text.plist.xml; path = Info.plist; sourceTree = "<group>"; };
		1D2C48D21F94F61C005E8386 /* StartView.swift */ = {isa = PBXFileReference; lastKnownFileType = sourcecode.swift; path = StartView.swift; sourceTree = "<group>"; };
		1D2C48D41F94FBCE005E8386 /* signUpView.swift */ = {isa = PBXFileReference; lastKnownFileType = sourcecode.swift; path = signUpView.swift; sourceTree = "<group>"; };
		1D2C48D71F9509C0005E8386 /* Base */ = {isa = PBXFileReference; lastKnownFileType = file.storyboard; name = Base; path = InstagramClone/Base.lproj/Menu.storyboard; sourceTree = "<group>"; };
		44D5E9DD18AB4EB8DAFDF7E1 /* Pods-InstagramClone.debug.xcconfig */ = {isa = PBXFileReference; includeInIndex = 1; lastKnownFileType = text.xcconfig; name = "Pods-InstagramClone.debug.xcconfig"; path = "Pods/Target Support Files/Pods-InstagramClone/Pods-InstagramClone.debug.xcconfig"; sourceTree = "<group>"; };
		DD48B386F0928FF0093A60FE /* Pods_InstagramClone.framework */ = {isa = PBXFileReference; explicitFileType = wrapper.framework; includeInIndex = 0; path = Pods_InstagramClone.framework; sourceTree = BUILT_PRODUCTS_DIR; };
		F9FAF040AE4A1EA374CC2A22 /* Pods-InstagramClone.release.xcconfig */ = {isa = PBXFileReference; includeInIndex = 1; lastKnownFileType = text.xcconfig; name = "Pods-InstagramClone.release.xcconfig"; path = "Pods/Target Support Files/Pods-InstagramClone/Pods-InstagramClone.release.xcconfig"; sourceTree = "<group>"; };
/* End PBXFileReference section */

/* Begin PBXFrameworksBuildPhase section */
		1D2C48BA1F94F5BD005E8386 /* Frameworks */ = {
			isa = PBXFrameworksBuildPhase;
			buildActionMask = 2147483647;
			files = (
				34684C6190FB674027962E61 /* Pods_InstagramClone.framework in Frameworks */,
			);
			runOnlyForDeploymentPostprocessing = 0;
		};
/* End PBXFrameworksBuildPhase section */

/* Begin PBXGroup section */
		1D2C48B41F94F5BD005E8386 = {
			isa = PBXGroup;
			children = (
				1D2C48BF1F94F5BD005E8386 /* InstagramClone */,
				1D2C48BE1F94F5BD005E8386 /* Products */,
				CED5463F35B38A89B4B8C2A4 /* Pods */,
				EC279EF90715FD0E1EBF2C93 /* Frameworks */,
			);
			sourceTree = "<group>";
		};
		1D2C48BE1F94F5BD005E8386 /* Products */ = {
			isa = PBXGroup;
			children = (
				1D2C48BD1F94F5BD005E8386 /* InstagramClone.app */,
			);
			name = Products;
			sourceTree = "<group>";
		};
		1D2C48BF1F94F5BD005E8386 /* InstagramClone */ = {
			isa = PBXGroup;
			children = (
				1D281B761F96951E00E7C2AB /* GoogleService-Info.plist */,
				1D2C48C01F94F5BD005E8386 /* AppDelegate.swift */,
				1D2C48D21F94F61C005E8386 /* StartView.swift */,
				1D2C48C41F94F5BD005E8386 /* Main.storyboard */,
				1D281B821F96AD0100E7C2AB /* emailVerificationViewController.swift */,
				1D2C48D41F94FBCE005E8386 /* signUpView.swift */,
				1D2C48D61F9509C0005E8386 /* Menu.storyboard */,
				1D281B7E1F969ABE00E7C2AB /* ActivityViewController.swift */,
				1D281B801F969B2000E7C2AB /* ProfileViewController.swift */,
				1D281B7C1F969AAD00E7C2AB /* CameraViewController.swift */,
				1D281B7A1F969A8700E7C2AB /* SearchViewController.swift */,
				1D281B781F969A6100E7C2AB /* HomeViewController.swift */,
				1D2C48C71F94F5BD005E8386 /* Assets.xcassets */,
				1D2C48C91F94F5BD005E8386 /* LaunchScreen.storyboard */,
				1D2C48CC1F94F5BD005E8386 /* Info.plist */,
			);
			path = InstagramClone;
			sourceTree = "<group>";
		};
		CED5463F35B38A89B4B8C2A4 /* Pods */ = {
			isa = PBXGroup;
			children = (
				44D5E9DD18AB4EB8DAFDF7E1 /* Pods-InstagramClone.debug.xcconfig */,
				F9FAF040AE4A1EA374CC2A22 /* Pods-InstagramClone.release.xcconfig */,
			);
			name = Pods;
			sourceTree = "<group>";
		};
		EC279EF90715FD0E1EBF2C93 /* Frameworks */ = {
			isa = PBXGroup;
			children = (
				DD48B386F0928FF0093A60FE /* Pods_InstagramClone.framework */,
			);
			name = Frameworks;
			sourceTree = "<group>";
		};
/* End PBXGroup section */

/* Begin PBXNativeTarget section */
		1D2C48BC1F94F5BD005E8386 /* InstagramClone */ = {
			isa = PBXNativeTarget;
			buildConfigurationList = 1D2C48CF1F94F5BD005E8386 /* Build configuration list for PBXNativeTarget "InstagramClone" */;
			buildPhases = (
				7EEA5383C2D621ACCD2606E0 /* [CP] Check Pods Manifest.lock */,
				1D2C48B91F94F5BD005E8386 /* Sources */,
				1D2C48BA1F94F5BD005E8386 /* Frameworks */,
				1D2C48BB1F94F5BD005E8386 /* Resources */,
				48E1D324DE40C7D2B5C52852 /* [CP] Embed Pods Frameworks */,
				639BA88E0E366F6B1DA1074A /* [CP] Copy Pods Resources */,
			);
			buildRules = (
			);
			dependencies = (
			);
			name = InstagramClone;
			productName = InstagramClone;
			productReference = 1D2C48BD1F94F5BD005E8386 /* InstagramClone.app */;
			productType = "com.apple.product-type.application";
		};
/* End PBXNativeTarget section */

/* Begin PBXProject section */
		1D2C48B51F94F5BD005E8386 /* Project object */ = {
			isa = PBXProject;
			attributes = {
				LastSwiftUpdateCheck = 0900;
				LastUpgradeCheck = 0900;
				ORGANIZATIONNAME = "Vikramjit Kalkat";
				TargetAttributes = {
					1D2C48BC1F94F5BD005E8386 = {
						CreatedOnToolsVersion = 9.0;
						ProvisioningStyle = Automatic;
					};
				};
			};
			buildConfigurationList = 1D2C48B81F94F5BD005E8386 /* Build configuration list for PBXProject "InstagramClone" */;
			compatibilityVersion = "Xcode 8.0";
			developmentRegion = en;
			hasScannedForEncodings = 0;
			knownRegions = (
				en,
				Base,
			);
			mainGroup = 1D2C48B41F94F5BD005E8386;
			productRefGroup = 1D2C48BE1F94F5BD005E8386 /* Products */;
			projectDirPath = "";
			projectRoot = "";
			targets = (
				1D2C48BC1F94F5BD005E8386 /* InstagramClone */,
			);
		};
/* End PBXProject section */

/* Begin PBXResourcesBuildPhase section */
		1D2C48BB1F94F5BD005E8386 /* Resources */ = {
			isa = PBXResourcesBuildPhase;
			buildActionMask = 2147483647;
			files = (
				1D2C48CB1F94F5BD005E8386 /* LaunchScreen.storyboard in Resources */,
				1D2C48C81F94F5BD005E8386 /* Assets.xcassets in Resources */,
				1D281B771F96951E00E7C2AB /* GoogleService-Info.plist in Resources */,
				1D2C48C61F94F5BD005E8386 /* Main.storyboard in Resources */,
				1D2C48D81F9509C0005E8386 /* Menu.storyboard in Resources */,
			);
			runOnlyForDeploymentPostprocessing = 0;
		};
/* End PBXResourcesBuildPhase section */

/* Begin PBXShellScriptBuildPhase section */
		48E1D324DE40C7D2B5C52852 /* [CP] Embed Pods Frameworks */ = {
			isa = PBXShellScriptBuildPhase;
			buildActionMask = 2147483647;
			files = (
			);
			inputPaths = (
				"${SRCROOT}/Pods/Target Support Files/Pods-InstagramClone/Pods-InstagramClone-frameworks.sh",
				"${BUILT_PRODUCTS_DIR}/Alamofire/Alamofire.framework",
				"${BUILT_PRODUCTS_DIR}/AlamofireImage/AlamofireImage.framework",
				"${BUILT_PRODUCTS_DIR}/GTMSessionFetcher/GTMSessionFetcher.framework",
				"${BUILT_PRODUCTS_DIR}/GoogleToolboxForMac/GoogleToolboxForMac.framework",
				"${BUILT_PRODUCTS_DIR}/leveldb-library/leveldb.framework",
				"${BUILT_PRODUCTS_DIR}/nanopb/nanopb.framework",
			);
			name = "[CP] Embed Pods Frameworks";
			outputPaths = (
				"${TARGET_BUILD_DIR}/${FRAMEWORKS_FOLDER_PATH}/Alamofire.framework",
				"${TARGET_BUILD_DIR}/${FRAMEWORKS_FOLDER_PATH}/AlamofireImage.framework",
				"${TARGET_BUILD_DIR}/${FRAMEWORKS_FOLDER_PATH}/GTMSessionFetcher.framework",
				"${TARGET_BUILD_DIR}/${FRAMEWORKS_FOLDER_PATH}/GoogleToolboxForMac.framework",
				"${TARGET_BUILD_DIR}/${FRAMEWORKS_FOLDER_PATH}/leveldb.framework",
				"${TARGET_BUILD_DIR}/${FRAMEWORKS_FOLDER_PATH}/nanopb.framework",
			);
			runOnlyForDeploymentPostprocessing = 0;
			shellPath = /bin/sh;
			shellScript = "\"${SRCROOT}/Pods/Target Support Files/Pods-InstagramClone/Pods-InstagramClone-frameworks.sh\"\n";
			showEnvVarsInLog = 0;
		};
		639BA88E0E366F6B1DA1074A /* [CP] Copy Pods Resources */ = {
			isa = PBXShellScriptBuildPhase;
			buildActionMask = 2147483647;
			files = (
			);
			inputPaths = (
			);
			name = "[CP] Copy Pods Resources";
			outputPaths = (
			);
			runOnlyForDeploymentPostprocessing = 0;
			shellPath = /bin/sh;
			shellScript = "\"${SRCROOT}/Pods/Target Support Files/Pods-InstagramClone/Pods-InstagramClone-resources.sh\"\n";
			showEnvVarsInLog = 0;
		};
		7EEA5383C2D621ACCD2606E0 /* [CP] Check Pods Manifest.lock */ = {
			isa = PBXShellScriptBuildPhase;
			buildActionMask = 2147483647;
			files = (
			);
			inputPaths = (
				"${PODS_PODFILE_DIR_PATH}/Podfile.lock",
				"${PODS_ROOT}/Manifest.lock",
			);
			name = "[CP] Check Pods Manifest.lock";
			outputPaths = (
				"$(DERIVED_FILE_DIR)/Pods-InstagramClone-checkManifestLockResult.txt",
			);
			runOnlyForDeploymentPostprocessing = 0;
			shellPath = /bin/sh;
			shellScript = "diff \"${PODS_PODFILE_DIR_PATH}/Podfile.lock\" \"${PODS_ROOT}/Manifest.lock\" > /dev/null\nif [ $? != 0 ] ; then\n    # print error to STDERR\n    echo \"error: The sandbox is not in sync with the Podfile.lock. Run 'pod install' or update your CocoaPods installation.\" >&2\n    exit 1\nfi\n# This output is used by Xcode 'outputs' to avoid re-running this script phase.\necho \"SUCCESS\" > \"${SCRIPT_OUTPUT_FILE_0}\"\n";
			showEnvVarsInLog = 0;
		};
/* End PBXShellScriptBuildPhase section */

/* Begin PBXSourcesBuildPhase section */
		1D2C48B91F94F5BD005E8386 /* Sources */ = {
			isa = PBXSourcesBuildPhase;
			buildActionMask = 2147483647;
			files = (
				1D281B7B1F969A8700E7C2AB /* SearchViewController.swift in Sources */,
				1D2C48D31F94F61C005E8386 /* StartView.swift in Sources */,
				1D2C48C11F94F5BD005E8386 /* AppDelegate.swift in Sources */,
				1D2C48D51F94FBCE005E8386 /* signUpView.swift in Sources */,
				1D281B7F1F969ABE00E7C2AB /* ActivityViewController.swift in Sources */,
				1D281B791F969A6100E7C2AB /* HomeViewController.swift in Sources */,
				1D281B831F96AD0100E7C2AB /* emailVerificationViewController.swift in Sources */,
				1D281B811F969B2000E7C2AB /* ProfileViewController.swift in Sources */,
				1D281B7D1F969AAD00E7C2AB /* CameraViewController.swift in Sources */,
			);
			runOnlyForDeploymentPostprocessing = 0;
		};
/* End PBXSourcesBuildPhase section */

/* Begin PBXVariantGroup section */
		1D2C48C41F94F5BD005E8386 /* Main.storyboard */ = {
			isa = PBXVariantGroup;
			children = (
				1D2C48C51F94F5BD005E8386 /* Base */,
			);
			name = Main.storyboard;
			sourceTree = "<group>";
		};
		1D2C48C91F94F5BD005E8386 /* LaunchScreen.storyboard */ = {
			isa = PBXVariantGroup;
			children = (
				1D2C48CA1F94F5BD005E8386 /* Base */,
			);
			name = LaunchScreen.storyboard;
			sourceTree = "<group>";
		};
		1D2C48D61F9509C0005E8386 /* Menu.storyboard */ = {
			isa = PBXVariantGroup;
			children = (
				1D2C48D71F9509C0005E8386 /* Base */,
			);
			name = Menu.storyboard;
			sourceTree = "<group>";
		};
/* End PBXVariantGroup section */

/* Begin XCBuildConfiguration section */
		1D2C48CD1F94F5BD005E8386 /* Debug */ = {
			isa = XCBuildConfiguration;
			buildSettings = {
				ALWAYS_SEARCH_USER_PATHS = NO;
				CLANG_ANALYZER_NONNULL = YES;
				CLANG_ANALYZER_NUMBER_OBJECT_CONVERSION = YES_AGGRESSIVE;
				CLANG_CXX_LANGUAGE_STANDARD = "gnu++14";
				CLANG_CXX_LIBRARY = "libc++";
				CLANG_ENABLE_MODULES = YES;
				CLANG_ENABLE_OBJC_ARC = YES;
				CLANG_WARN_BLOCK_CAPTURE_AUTORELEASING = YES;
				CLANG_WARN_BOOL_CONVERSION = YES;
				CLANG_WARN_COMMA = YES;
				CLANG_WARN_CONSTANT_CONVERSION = YES;
				CLANG_WARN_DIRECT_OBJC_ISA_USAGE = YES_ERROR;
				CLANG_WARN_DOCUMENTATION_COMMENTS = YES;
				CLANG_WARN_EMPTY_BODY = YES;
				CLANG_WARN_ENUM_CONVERSION = YES;
				CLANG_WARN_INFINITE_RECURSION = YES;
				CLANG_WARN_INT_CONVERSION = YES;
				CLANG_WARN_NON_LITERAL_NULL_CONVERSION = YES;
				CLANG_WARN_OBJC_LITERAL_CONVERSION = YES;
				CLANG_WARN_OBJC_ROOT_CLASS = YES_ERROR;
				CLANG_WARN_RANGE_LOOP_ANALYSIS = YES;
				CLANG_WARN_STRICT_PROTOTYPES = YES;
				CLANG_WARN_SUSPICIOUS_MOVE = YES;
				CLANG_WARN_UNGUARDED_AVAILABILITY = YES_AGGRESSIVE;
				CLANG_WARN_UNREACHABLE_CODE = YES;
				CLANG_WARN__DUPLICATE_METHOD_MATCH = YES;
				CODE_SIGN_IDENTITY = "iPhone Developer";
				COPY_PHASE_STRIP = NO;
				DEBUG_INFORMATION_FORMAT = dwarf;
				ENABLE_STRICT_OBJC_MSGSEND = YES;
				ENABLE_TESTABILITY = YES;
				GCC_C_LANGUAGE_STANDARD = gnu11;
				GCC_DYNAMIC_NO_PIC = NO;
				GCC_NO_COMMON_BLOCKS = YES;
				GCC_OPTIMIZATION_LEVEL = 0;
				GCC_PREPROCESSOR_DEFINITIONS = (
					"DEBUG=1",
					"$(inherited)",
				);
				GCC_WARN_64_TO_32_BIT_CONVERSION = YES;
				GCC_WARN_ABOUT_RETURN_TYPE = YES_ERROR;
				GCC_WARN_UNDECLARED_SELECTOR = YES;
				GCC_WARN_UNINITIALIZED_AUTOS = YES_AGGRESSIVE;
				GCC_WARN_UNUSED_FUNCTION = YES;
				GCC_WARN_UNUSED_VARIABLE = YES;
				IPHONEOS_DEPLOYMENT_TARGET = 11.0;
				MTL_ENABLE_DEBUG_INFO = YES;
				ONLY_ACTIVE_ARCH = YES;
				SDKROOT = iphoneos;
				SWIFT_ACTIVE_COMPILATION_CONDITIONS = DEBUG;
				SWIFT_OPTIMIZATION_LEVEL = "-Onone";
			};
			name = Debug;
		};
		1D2C48CE1F94F5BD005E8386 /* Release */ = {
			isa = XCBuildConfiguration;
			buildSettings = {
				ALWAYS_SEARCH_USER_PATHS = NO;
				CLANG_ANALYZER_NONNULL = YES;
				CLANG_ANALYZER_NUMBER_OBJECT_CONVERSION = YES_AGGRESSIVE;
				CLANG_CXX_LANGUAGE_STANDARD = "gnu++14";
				CLANG_CXX_LIBRARY = "libc++";
				CLANG_ENABLE_MODULES = YES;
				CLANG_ENABLE_OBJC_ARC = YES;
				CLANG_WARN_BLOCK_CAPTURE_AUTORELEASING = YES;
				CLANG_WARN_BOOL_CONVERSION = YES;
				CLANG_WARN_COMMA = YES;
				CLANG_WARN_CONSTANT_CONVERSION = YES;
				CLANG_WARN_DIRECT_OBJC_ISA_USAGE = YES_ERROR;
				CLANG_WARN_DOCUMENTATION_COMMENTS = YES;
				CLANG_WARN_EMPTY_BODY = YES;
				CLANG_WARN_ENUM_CONVERSION = YES;
				CLANG_WARN_INFINITE_RECURSION = YES;
				CLANG_WARN_INT_CONVERSION = YES;
				CLANG_WARN_NON_LITERAL_NULL_CONVERSION = YES;
				CLANG_WARN_OBJC_LITERAL_CONVERSION = YES;
				CLANG_WARN_OBJC_ROOT_CLASS = YES_ERROR;
				CLANG_WARN_RANGE_LOOP_ANALYSIS = YES;
				CLANG_WARN_STRICT_PROTOTYPES = YES;
				CLANG_WARN_SUSPICIOUS_MOVE = YES;
				CLANG_WARN_UNGUARDED_AVAILABILITY = YES_AGGRESSIVE;
				CLANG_WARN_UNREACHABLE_CODE = YES;
				CLANG_WARN__DUPLICATE_METHOD_MATCH = YES;
				CODE_SIGN_IDENTITY = "iPhone Developer";
				COPY_PHASE_STRIP = NO;
				DEBUG_INFORMATION_FORMAT = "dwarf-with-dsym";
				ENABLE_NS_ASSERTIONS = NO;
				ENABLE_STRICT_OBJC_MSGSEND = YES;
				GCC_C_LANGUAGE_STANDARD = gnu11;
				GCC_NO_COMMON_BLOCKS = YES;
				GCC_WARN_64_TO_32_BIT_CONVERSION = YES;
				GCC_WARN_ABOUT_RETURN_TYPE = YES_ERROR;
				GCC_WARN_UNDECLARED_SELECTOR = YES;
				GCC_WARN_UNINITIALIZED_AUTOS = YES_AGGRESSIVE;
				GCC_WARN_UNUSED_FUNCTION = YES;
				GCC_WARN_UNUSED_VARIABLE = YES;
				IPHONEOS_DEPLOYMENT_TARGET = 11.0;
				MTL_ENABLE_DEBUG_INFO = NO;
				SDKROOT = iphoneos;
				SWIFT_OPTIMIZATION_LEVEL = "-Owholemodule";
				VALIDATE_PRODUCT = YES;
			};
			name = Release;
		};
		1D2C48D01F94F5BD005E8386 /* Debug */ = {
			isa = XCBuildConfiguration;
			baseConfigurationReference = 44D5E9DD18AB4EB8DAFDF7E1 /* Pods-InstagramClone.debug.xcconfig */;
			buildSettings = {
				ASSETCATALOG_COMPILER_APPICON_NAME = AppIcon;
				CODE_SIGN_STYLE = Automatic;
				INFOPLIST_FILE = InstagramClone/Info.plist;
				LD_RUNPATH_SEARCH_PATHS = "$(inherited) @executable_path/Frameworks";
				PRODUCT_BUNDLE_IDENTIFIER = com.whoisvik.InstagramClone;
				PRODUCT_NAME = "$(TARGET_NAME)";
				SWIFT_VERSION = 4.0;
				TARGETED_DEVICE_FAMILY = "1,2";
			};
			name = Debug;
		};
		1D2C48D11F94F5BD005E8386 /* Release */ = {
			isa = XCBuildConfiguration;
			baseConfigurationReference = F9FAF040AE4A1EA374CC2A22 /* Pods-InstagramClone.release.xcconfig */;
			buildSettings = {
				ASSETCATALOG_COMPILER_APPICON_NAME = AppIcon;
				CODE_SIGN_STYLE = Automatic;
				INFOPLIST_FILE = InstagramClone/Info.plist;
				LD_RUNPATH_SEARCH_PATHS = "$(inherited) @executable_path/Frameworks";
				PRODUCT_BUNDLE_IDENTIFIER = com.whoisvik.InstagramClone;
				PRODUCT_NAME = "$(TARGET_NAME)";
				SWIFT_VERSION = 4.0;
				TARGETED_DEVICE_FAMILY = "1,2";
			};
			name = Release;
		};
/* End XCBuildConfiguration section */

/* Begin XCConfigurationList section */
		1D2C48B81F94F5BD005E8386 /* Build configuration list for PBXProject "InstagramClone" */ = {
			isa = XCConfigurationList;
			buildConfigurations = (
				1D2C48CD1F94F5BD005E8386 /* Debug */,
				1D2C48CE1F94F5BD005E8386 /* Release */,
			);
			defaultConfigurationIsVisible = 0;
			defaultConfigurationName = Release;
		};
		1D2C48CF1F94F5BD005E8386 /* Build configuration list for PBXNativeTarget "InstagramClone" */ = {
			isa = XCConfigurationList;
			buildConfigurations = (
				1D2C48D01F94F5BD005E8386 /* Debug */,
				1D2C48D11F94F5BD005E8386 /* Release */,
			);
			defaultConfigurationIsVisible = 0;
			defaultConfigurationName = Release;
		};
/* End XCConfigurationList section */
	};
	rootObject = 1D2C48B51F94F5BD005E8386 /* Project object */;
}
